
Microsoft Visual Studio Solution File, Format Version 12.00
# Visual Studio Version 17
VisualStudioVersion = 17.0.31903.59
MinimumVisualStudioVersion = 10.0.40219.1
Project("{FAE04EC0-301F-11D3-BF4B-00C04F79EFBC}") = "Assignment01", "Assignment01.csproj", "{42CD7B08-0C36-482F-AD61-BBBA42E2D36D}"
EndProject
Global
	GlobalSection(SolutionConfigurationPlatforms) = preSolution
		Debug|Any CPU = Debug|Any CPU
		Debug|x64 = Debug|x64
		Debug|x86 = Debug|x86
		Release|Any CPU = Release|Any CPU
		Release|x64 = Release|x64
		Release|x86 = Release|x86
	EndGlobalSection
	GlobalSection(ProjectConfigurationPlatforms) = postSolution
		{42CD7B08-0C36-482F-AD61-BBBA42E2D36D}.Debug|Any CPU.ActiveCfg = Debug|Any CPU
		{42CD7B08-0C36-482F-AD61-BBBA42E2D36D}.Debug|Any CPU.Build.0 = Debug|Any CPU
		{42CD7B08-0C36-482F-AD61-BBBA42E2D36D}.Debug|x64.ActiveCfg = Debug|Any CPU
		{42CD7B08-0C36-482F-AD61-BBBA42E2D36D}.Debug|x64.Build.0 = Debug|Any CPU
		{42CD7B08-0C36-482F-AD61-BBBA42E2D36D}.Debug|x86.ActiveCfg = Debug|Any CPU
		{42CD7B08-0C36-482F-AD61-BBBA42E2D36D}.Debug|x86.Build.0 = Debug|Any CPU
		{42CD7B08-0C36-482F-AD61-BBBA42E2D36D}.Release|Any CPU.ActiveCfg = Release|Any CPU
		{42CD7B08-0C36-482F-AD61-BBBA42E2D36D}.Release|Any CPU.Build.0 = Release|Any CPU
		{42CD7B08-0C36-482F-AD61-BBBA42E2D36D}.Release|x64.ActiveCfg = Release|Any CPU
		{42CD7B08-0C36-482F-AD61-BBBA42E2D36D}.Release|x64.Build.0 = Release|Any CPU
		{42CD7B08-0C36-482F-AD61-BBBA42E2D36D}.Release|x86.ActiveCfg = Release|Any CPU
		{42CD7B08-0C36-482F-AD61-BBBA42E2D36D}.Release|x86.Build.0 = Release|Any CPU
	EndGlobalSection
	GlobalSection(SolutionProperties) = preSolution
		HideSolutionNode = FALSE
	EndGlobalSection
EndGlobal
